
Microsoft Visual Studio Solution File, Format Version 12.00
# Visual Studio 15
VisualStudioVersion = 15.0.28307.1082
MinimumVisualStudioVersion = 10.0.40219.1
Project("{FAE04EC0-301F-11D3-BF4B-00C04F79EFBC}") = "ECSEngine", "ECSEngine\ECSEngine.csproj", "{00FE5C2B-7C23-4089-B818-BBB9D7285A71}"
EndProject
Project("{FAE04EC0-301F-11D3-BF4B-00C04F79EFBC}") = "ECSGame", "ECSGame\ECSGame.csproj", "{56B12C99-1B20-4E71-9EBB-C846E8F4D04F}"
EndProject
Project("{FAE04EC0-301F-11D3-BF4B-00C04F79EFBC}") = "ECSEngine.UnitTests", "ECSEngine.UnitTests\ECSEngine.UnitTests.csproj", "{76E87A70-789C-4EDD-A1C7-1673C1588DA6}"
EndProject
Project("{2150E333-8FDC-42A3-9474-1A3956D46DE8}") = "Solution Items", "Solution Items", "{686B77D3-8C59-4205-BB70-36D7326597E4}"
	ProjectSection(SolutionItems) = preProject
		Performance1.psess = Performance1.psess
	EndProjectSection
EndProject
Global
	GlobalSection(Performance) = preSolution
		HasPerformanceSessions = true
	EndGlobalSection
	GlobalSection(SolutionConfigurationPlatforms) = preSolution
		Debug|Any CPU = Debug|Any CPU
		Debug|x86 = Debug|x86
		Release|Any CPU = Release|Any CPU
		Release|x86 = Release|x86
	EndGlobalSection
	GlobalSection(ProjectConfigurationPlatforms) = postSolution
		{00FE5C2B-7C23-4089-B818-BBB9D7285A71}.Debug|Any CPU.ActiveCfg = Debug|Any CPU
		{00FE5C2B-7C23-4089-B818-BBB9D7285A71}.Debug|Any CPU.Build.0 = Debug|Any CPU
		{00FE5C2B-7C23-4089-B818-BBB9D7285A71}.Debug|x86.ActiveCfg = Debug|Any CPU
		{00FE5C2B-7C23-4089-B818-BBB9D7285A71}.Debug|x86.Build.0 = Debug|Any CPU
		{00FE5C2B-7C23-4089-B818-BBB9D7285A71}.Release|Any CPU.ActiveCfg = Release|Any CPU
		{00FE5C2B-7C23-4089-B818-BBB9D7285A71}.Release|Any CPU.Build.0 = Release|Any CPU
		{00FE5C2B-7C23-4089-B818-BBB9D7285A71}.Release|x86.ActiveCfg = Release|Any CPU
		{00FE5C2B-7C23-4089-B818-BBB9D7285A71}.Release|x86.Build.0 = Release|Any CPU
		{56B12C99-1B20-4E71-9EBB-C846E8F4D04F}.Debug|Any CPU.ActiveCfg = Debug|Any CPU
		{56B12C99-1B20-4E71-9EBB-C846E8F4D04F}.Debug|Any CPU.Build.0 = Debug|Any CPU
		{56B12C99-1B20-4E71-9EBB-C846E8F4D04F}.Debug|x86.ActiveCfg = Debug|Any CPU
		{56B12C99-1B20-4E71-9EBB-C846E8F4D04F}.Debug|x86.Build.0 = Debug|Any CPU
		{56B12C99-1B20-4E71-9EBB-C846E8F4D04F}.Release|Any CPU.ActiveCfg = Release|Any CPU
		{56B12C99-1B20-4E71-9EBB-C846E8F4D04F}.Release|Any CPU.Build.0 = Release|Any CPU
		{56B12C99-1B20-4E71-9EBB-C846E8F4D04F}.Release|x86.ActiveCfg = Release|Any CPU
		{56B12C99-1B20-4E71-9EBB-C846E8F4D04F}.Release|x86.Build.0 = Release|Any CPU
		{76E87A70-789C-4EDD-A1C7-1673C1588DA6}.Debug|Any CPU.ActiveCfg = Debug|Any CPU
		{76E87A70-789C-4EDD-A1C7-1673C1588DA6}.Debug|Any CPU.Build.0 = Debug|Any CPU
		{76E87A70-789C-4EDD-A1C7-1673C1588DA6}.Debug|x86.ActiveCfg = Debug|Any CPU
		{76E87A70-789C-4EDD-A1C7-1673C1588DA6}.Debug|x86.Build.0 = Debug|Any CPU
		{76E87A70-789C-4EDD-A1C7-1673C1588DA6}.Release|Any CPU.ActiveCfg = Release|Any CPU
		{76E87A70-789C-4EDD-A1C7-1673C1588DA6}.Release|Any CPU.Build.0 = Release|Any CPU
		{76E87A70-789C-4EDD-A1C7-1673C1588DA6}.Release|x86.ActiveCfg = Release|Any CPU
		{76E87A70-789C-4EDD-A1C7-1673C1588DA6}.Release|x86.Build.0 = Release|Any CPU
	EndGlobalSection
	GlobalSection(SolutionProperties) = preSolution
		HideSolutionNode = FALSE
	EndGlobalSection
	GlobalSection(ExtensibilityGlobals) = postSolution
		SolutionGuid = {6525A935-D288-4D87-B732-786DA84347C3}
	EndGlobalSection
EndGlobal
